# THIS IS AN AUTOGENERATED FILE. DO NOT EDIT THIS FILE DIRECTLY.
# yarn lockfile v1


"@openzeppelin/contracts@^4.3.1":
  version "4.3.1"
  resolved "https://registry.yarnpkg.com/@openzeppelin/contracts/-/contracts-4.3.1.tgz#c01f791ce6c9d3989ac1a643267501dbe336b9e3"
  integrity sha512-QjgbPPlmDK2clK1hzjw2ROfY8KA5q+PfhDUUxZFEBCZP9fi6d5FuNoh/Uq0oCTMEKPmue69vhX2jcl0N/tFKGw==

typescript@^4.2.4:
  version "4.2.4"
  resolved "https://registry.yarnpkg.com/typescript/-/typescript-4.2.4.tgz#8610b59747de028fda898a8aef0e103f156d0961"
  integrity sha512-V+evlYHZnQkaz8TRBuxTA92yZBPotr5H+WhQ7bD3hZUndx5tGOa1fuCgeSjxAzM1RiN5IzvadIXTVefuuwZCRg==
